{
  "name": "Faculdade",
  "lockfileVersion": 3,
  "requires": true,
  "packages": {
    "": {
      "dependencies": {
        "ts-evaluator": "^1.2.0"
      }
    },
    "node_modules/@types/node": {
      "version": "17.0.45",
      "resolved": "https://registry.npmjs.org/@types/node/-/node-17.0.45.tgz",
      "integrity": "sha512-w+tIMs3rq2afQdsPJlODhoUEKzFP1ayaoyl1CcnwtIlsVe7K7bA1NGm4s3PraqTLlXnbIN84zuBlxBWo1u9BLw=="
    },
    "node_modules/ansi-colors": {
      "version": "4.1.3",
      "resolved": "https://registry.npmjs.org/ansi-colors/-/ansi-colors-4.1.3.tgz",
      "integrity": "sha512-/6w/C21Pm1A7aZitlI5Ni/2J6FFQN8i1Cvz3kHABAAbw93v/NlvKdVOqz7CCWz/3iv/JplRSEEZ83XION15ovw==",
      "engines": {
        "node": ">=6"
      }
    },
    "node_modules/crosspath": {
      "version": "2.0.0",
      "resolved": "https://registry.npmjs.org/crosspath/-/crosspath-2.0.0.tgz",
      "integrity": "sha512-ju88BYCQ2uvjO2bR+SsgLSTwTSctU+6Vp2ePbKPgSCZyy4MWZxYsT738DlKVRE5utUjobjPRm1MkTYKJxCmpTA==",
      "dependencies": {
        "@types/node": "^17.0.36"
      },
      "engines": {
        "node": ">=14.9.0"
      }
    },
    "node_modules/object-path": {
      "version": "0.11.8",
      "resolved": "https://registry.npmjs.org/object-path/-/object-path-0.11.8.tgz",
      "integrity": "sha512-YJjNZrlXJFM42wTBn6zgOJVar9KFJvzx6sTWDte8sWZF//cnjl0BxHNpfZx+ZffXX63A9q0b1zsFiBX4g4X5KA==",
      "engines": {
        "node": ">= 10.12.0"
      }
    },
    "node_modules/ts-evaluator": {
      "version": "1.2.0",
      "resolved": "https://registry.npmjs.org/ts-evaluator/-/ts-evaluator-1.2.0.tgz",
      "integrity": "sha512-ncSGek1p92bj2ifB7s9UBgryHCkU9vwC5d+Lplt12gT9DH+e41X8dMoHRQjIMeAvyG7j9dEnuHmwgOtuRIQL+Q==",
      "dependencies": {
        "ansi-colors": "^4.1.3",
        "crosspath": "^2.0.0",
        "object-path": "^0.11.8"
      },
      "engines": {
        "node": ">=14.19.0"
      },
      "funding": {
        "type": "github",
        "url": "https://github.com/wessberg/ts-evaluator?sponsor=1"
      },
      "peerDependencies": {
        "jsdom": ">=14.x || >=15.x || >=16.x || >=17.x || >=18.x || >=19.x || >=20.x || >=21.x || >=22.x",
        "typescript": ">=3.2.x || >= 4.x || >= 5.x"
      },
      "peerDependenciesMeta": {
        "jsdom": {
          "optional": true
        }
      }
    },
    "node_modules/typescript": {
      "version": "5.1.6",
      "resolved": "https://registry.npmjs.org/typescript/-/typescript-5.1.6.tgz",
      "integrity": "sha512-zaWCozRZ6DLEWAWFrVDz1H6FVXzUSfTy5FUMWsQlU8Ym5JP9eO4xkTIROFCQvhQf61z6O/G6ugw3SgAnvvm+HA==",
      "peer": true,
      "bin": {
        "tsc": "bin/tsc",
        "tsserver": "bin/tsserver"
      },
      "engines": {
        "node": ">=14.17"
      }
    }
  }
}
